
Microsoft Visual Studio Solution File, Format Version 12.00
# Visual Studio Version 16
VisualStudioVersion = 16.0.29318.209
MinimumVisualStudioVersion = 10.0.40219.1
Project("{FAE04EC0-301F-11D3-BF4B-00C04F79EFBC}") = "PMD_Core", "PMD_Core\PMD_Core.csproj", "{D5A5011F-E11A-4F1E-92CB-C40EEA399D2E}"
EndProject
Project("{FAE04EC0-301F-11D3-BF4B-00C04F79EFBC}") = "PMD_Lib", "PMD_Lib\PMD_Lib.csproj", "{04AB1564-8BB1-415C-905B-E853AA85A55C}"
EndProject
Global
	GlobalSection(SolutionConfigurationPlatforms) = preSolution
		Debug|Any CPU = Debug|Any CPU
		Release|Any CPU = Release|Any CPU
	EndGlobalSection
	GlobalSection(ProjectConfigurationPlatforms) = postSolution
		{D5A5011F-E11A-4F1E-92CB-C40EEA399D2E}.Debug|Any CPU.ActiveCfg = Debug|Any CPU
		{D5A5011F-E11A-4F1E-92CB-C40EEA399D2E}.Debug|Any CPU.Build.0 = Debug|Any CPU
		{D5A5011F-E11A-4F1E-92CB-C40EEA399D2E}.Release|Any CPU.ActiveCfg = Release|Any CPU
		{D5A5011F-E11A-4F1E-92CB-C40EEA399D2E}.Release|Any CPU.Build.0 = Release|Any CPU
		{04AB1564-8BB1-415C-905B-E853AA85A55C}.Debug|Any CPU.ActiveCfg = Debug|Any CPU
		{04AB1564-8BB1-415C-905B-E853AA85A55C}.Debug|Any CPU.Build.0 = Debug|Any CPU
		{04AB1564-8BB1-415C-905B-E853AA85A55C}.Release|Any CPU.ActiveCfg = Release|Any CPU
		{04AB1564-8BB1-415C-905B-E853AA85A55C}.Release|Any CPU.Build.0 = Release|Any CPU
	EndGlobalSection
	GlobalSection(SolutionProperties) = preSolution
		HideSolutionNode = FALSE
	EndGlobalSection
	GlobalSection(ExtensibilityGlobals) = postSolution
		SolutionGuid = {8D9A1768-1849-4F4D-91AD-80D2A907A681}
	EndGlobalSection
EndGlobal
